
Microsoft Visual Studio Solution File, Format Version 12.00
# Visual Studio Version 17
VisualStudioVersion = 17.7.34024.191
MinimumVisualStudioVersion = 10.0.40219.1
Project("{FAE04EC0-301F-11D3-BF4B-00C04F79EFBC}") = "Week15", "Week15\Week15.csproj", "{A921103F-A435-412D-958C-915165F28879}"
EndProject
Global
	GlobalSection(SolutionConfigurationPlatforms) = preSolution
		Debug|Any CPU = Debug|Any CPU
		Release|Any CPU = Release|Any CPU
	EndGlobalSection
	GlobalSection(ProjectConfigurationPlatforms) = postSolution
		{A921103F-A435-412D-958C-915165F28879}.Debug|Any CPU.ActiveCfg = Debug|Any CPU
		{A921103F-A435-412D-958C-915165F28879}.Debug|Any CPU.Build.0 = Debug|Any CPU
		{A921103F-A435-412D-958C-915165F28879}.Release|Any CPU.ActiveCfg = Release|Any CPU
		{A921103F-A435-412D-958C-915165F28879}.Release|Any CPU.Build.0 = Release|Any CPU
	EndGlobalSection
	GlobalSection(SolutionProperties) = preSolution
		HideSolutionNode = FALSE
	EndGlobalSection
	GlobalSection(ExtensibilityGlobals) = postSolution
		SolutionGuid = {4E9F1BEC-4D08-45C6-878E-00D32B3F2309}
	EndGlobalSection
EndGlobal
